// !$*UTF8*$!
{
	archiveVersion = 1;
	classes = {
	};
	objectVersion = 51;
	objects = {

/* Begin PBXBuildFile section */
		3C5EE55111F90452BDCFE625 /* Pods_iPayBF.framework in Frameworks */ = {isa = PBXBuildFile; fileRef = 46535D64901971553F83E15E /* Pods_iPayBF.framework */; };
		B2130B5C25F2F507009BF749 /* AccountVC.swift in Sources */ = {isa = PBXBuildFile; fileRef = B2130B5B25F2F507009BF749 /* AccountVC.swift */; };
		B2130B6325F2F727009BF749 /* PaymentCell.swift in Sources */ = {isa = PBXBuildFile; fileRef = B2130B6125F2F727009BF749 /* PaymentCell.swift */; };
		B2130B6425F2F727009BF749 /* PaymentCell.xib in Resources */ = {isa = PBXBuildFile; fileRef = B2130B6225F2F727009BF749 /* PaymentCell.xib */; };
		B2130B6825F302FF009BF749 /* ProductCell.swift in Sources */ = {isa = PBXBuildFile; fileRef = B2130B6625F302FF009BF749 /* ProductCell.swift */; };
		B2130B6925F302FF009BF749 /* ProductCell.xib in Resources */ = {isa = PBXBuildFile; fileRef = B2130B6725F302FF009BF749 /* ProductCell.xib */; };
		B2130B6C25F30F47009BF749 /* Account.swift in Sources */ = {isa = PBXBuildFile; fileRef = B2130B6B25F30F47009BF749 /* Account.swift */; };
		B2130B6F25F310C5009BF749 /* ProductList.swift in Sources */ = {isa = PBXBuildFile; fileRef = B2130B6E25F310C5009BF749 /* ProductList.swift */; };
		B2130BC425F6DB75009BF749 /* Account.json in Resources */ = {isa = PBXBuildFile; fileRef = B2130BC325F6DB75009BF749 /* Account.json */; };
		B2130BCA25F6E148009BF749 /* AccountController.swift in Sources */ = {isa = PBXBuildFile; fileRef = B2130BC925F6E148009BF749 /* AccountController.swift */; };
		B2130BEC25F9A118009BF749 /* AccountNetwork.swift in Sources */ = {isa = PBXBuildFile; fileRef = B2130BEB25F9A118009BF749 /* AccountNetwork.swift */; };
		B2A3E04825EDA93400D7FB4E /* EmptyCell.swift in Sources */ = {isa = PBXBuildFile; fileRef = B2A3E04625EDA93400D7FB4E /* EmptyCell.swift */; };
		B2A3E04925EDA93400D7FB4E /* EmptyCell.xib in Resources */ = {isa = PBXBuildFile; fileRef = B2A3E04725EDA93400D7FB4E /* EmptyCell.xib */; };
		B2F7005725E70D4F0038370E /* UserCell.swift in Sources */ = {isa = PBXBuildFile; fileRef = B2F7005625E70D4F0038370E /* UserCell.swift */; };
		B2F7005B25E721550038370E /* User.swift in Sources */ = {isa = PBXBuildFile; fileRef = B2F7005A25E721550038370E /* User.swift */; };
		B2F7006125E721B60038370E /* HomeController.swift in Sources */ = {isa = PBXBuildFile; fileRef = B2F7006025E721B60038370E /* HomeController.swift */; };
		B2F7FFD125E473260038370E /* HomeVC.swift in Sources */ = {isa = PBXBuildFile; fileRef = B2F7FFD025E473260038370E /* HomeVC.swift */; };
		B2F7FFD425E473260038370E /* Main.storyboard in Resources */ = {isa = PBXBuildFile; fileRef = B2F7FFD225E473260038370E /* Main.storyboard */; };
		B2F7FFD625E473280038370E /* Assets.xcassets in Resources */ = {isa = PBXBuildFile; fileRef = B2F7FFD525E473280038370E /* Assets.xcassets */; };
		B2F7FFD925E473280038370E /* LaunchScreen.storyboard in Resources */ = {isa = PBXBuildFile; fileRef = B2F7FFD725E473280038370E /* LaunchScreen.storyboard */; };
		D3E5033125E9B0EE00F933FC /* AppDelegate.swift in Sources */ = {isa = PBXBuildFile; fileRef = D3E5032F25E9B0EE00F933FC /* AppDelegate.swift */; };
		D3E5033225E9B0EE00F933FC /* SceneDelegate.swift in Sources */ = {isa = PBXBuildFile; fileRef = D3E5033025E9B0EE00F933FC /* SceneDelegate.swift */; };
		D3E5033725E9CA8900F933FC /* Alert.swift in Sources */ = {isa = PBXBuildFile; fileRef = D3E5033625E9CA8900F933FC /* Alert.swift */; };
/* End PBXBuildFile section */

/* Begin PBXFileReference section */
		46535D64901971553F83E15E /* Pods_iPayBF.framework */ = {isa = PBXFileReference; explicitFileType = wrapper.framework; includeInIndex = 0; path = Pods_iPayBF.framework; sourceTree = BUILT_PRODUCTS_DIR; };
		B2130B5B25F2F507009BF749 /* AccountVC.swift */ = {isa = PBXFileReference; lastKnownFileType = sourcecode.swift; path = AccountVC.swift; sourceTree = "<group>"; };
		B2130B6125F2F727009BF749 /* PaymentCell.swift */ = {isa = PBXFileReference; lastKnownFileType = sourcecode.swift; path = PaymentCell.swift; sourceTree = "<group>"; };
		B2130B6225F2F727009BF749 /* PaymentCell.xib */ = {isa = PBXFileReference; lastKnownFileType = file.xib; path = PaymentCell.xib; sourceTree = "<group>"; };
		B2130B6625F302FF009BF749 /* ProductCell.swift */ = {isa = PBXFileReference; lastKnownFileType = sourcecode.swift; path = ProductCell.swift; sourceTree = "<group>"; };
		B2130B6725F302FF009BF749 /* ProductCell.xib */ = {isa = PBXFileReference; lastKnownFileType = file.xib; path = ProductCell.xib; sourceTree = "<group>"; };
		B2130B6B25F30F47009BF749 /* Account.swift */ = {isa = PBXFileReference; lastKnownFileType = sourcecode.swift; path = Account.swift; sourceTree = "<group>"; };
		B2130B6E25F310C5009BF749 /* ProductList.swift */ = {isa = PBXFileReference; lastKnownFileType = sourcecode.swift; path = ProductList.swift; sourceTree = "<group>"; };
		B2130BC325F6DB75009BF749 /* Account.json */ = {isa = PBXFileReference; fileEncoding = 4; lastKnownFileType = text.json; path = Account.json; sourceTree = "<group>"; };
		B2130BC925F6E148009BF749 /* AccountController.swift */ = {isa = PBXFileReference; lastKnownFileType = sourcecode.swift; path = AccountController.swift; sourceTree = "<group>"; };
		B2130BEB25F9A118009BF749 /* AccountNetwork.swift */ = {isa = PBXFileReference; lastKnownFileType = sourcecode.swift; path = AccountNetwork.swift; sourceTree = "<group>"; };
		B2A3E04625EDA93400D7FB4E /* EmptyCell.swift */ = {isa = PBXFileReference; lastKnownFileType = sourcecode.swift; path = EmptyCell.swift; sourceTree = "<group>"; };
		B2A3E04725EDA93400D7FB4E /* EmptyCell.xib */ = {isa = PBXFileReference; lastKnownFileType = file.xib; path = EmptyCell.xib; sourceTree = "<group>"; };
		B2F7005625E70D4F0038370E /* UserCell.swift */ = {isa = PBXFileReference; lastKnownFileType = sourcecode.swift; path = UserCell.swift; sourceTree = "<group>"; };
		B2F7005A25E721550038370E /* User.swift */ = {isa = PBXFileReference; lastKnownFileType = sourcecode.swift; path = User.swift; sourceTree = "<group>"; };
		B2F7006025E721B60038370E /* HomeController.swift */ = {isa = PBXFileReference; lastKnownFileType = sourcecode.swift; path = HomeController.swift; sourceTree = "<group>"; };
		B2F7FFC925E473260038370E /* iPayBF.app */ = {isa = PBXFileReference; explicitFileType = wrapper.application; includeInIndex = 0; path = iPayBF.app; sourceTree = BUILT_PRODUCTS_DIR; };
		B2F7FFD025E473260038370E /* HomeVC.swift */ = {isa = PBXFileReference; lastKnownFileType = sourcecode.swift; path = HomeVC.swift; sourceTree = "<group>"; };
		B2F7FFD325E473260038370E /* Base */ = {isa = PBXFileReference; lastKnownFileType = file.storyboard; name = Base; path = Base.lproj/Main.storyboard; sourceTree = "<group>"; };
		B2F7FFD525E473280038370E /* Assets.xcassets */ = {isa = PBXFileReference; lastKnownFileType = folder.assetcatalog; path = Assets.xcassets; sourceTree = "<group>"; };
		B2F7FFD825E473280038370E /* Base */ = {isa = PBXFileReference; lastKnownFileType = file.storyboard; name = Base; path = Base.lproj/LaunchScreen.storyboard; sourceTree = "<group>"; };
		B2F7FFDA25E473280038370E /* Info.plist */ = {isa = PBXFileReference; lastKnownFileType = text.plist.xml; path = Info.plist; sourceTree = "<group>"; };
		B6365269A393193FBC2290EB /* Pods-iPayBF.debug.xcconfig */ = {isa = PBXFileReference; includeInIndex = 1; lastKnownFileType = text.xcconfig; name = "Pods-iPayBF.debug.xcconfig"; path = "Target Support Files/Pods-iPayBF/Pods-iPayBF.debug.xcconfig"; sourceTree = "<group>"; };
		CA410D166813BD283DC9F056 /* Pods-iPayBF.release.xcconfig */ = {isa = PBXFileReference; includeInIndex = 1; lastKnownFileType = text.xcconfig; name = "Pods-iPayBF.release.xcconfig"; path = "Target Support Files/Pods-iPayBF/Pods-iPayBF.release.xcconfig"; sourceTree = "<group>"; };
		D3E5032F25E9B0EE00F933FC /* AppDelegate.swift */ = {isa = PBXFileReference; fileEncoding = 4; lastKnownFileType = sourcecode.swift; path = AppDelegate.swift; sourceTree = SOURCE_ROOT; };
		D3E5033025E9B0EE00F933FC /* SceneDelegate.swift */ = {isa = PBXFileReference; fileEncoding = 4; lastKnownFileType = sourcecode.swift; path = SceneDelegate.swift; sourceTree = SOURCE_ROOT; };
		D3E5033625E9CA8900F933FC /* Alert.swift */ = {isa = PBXFileReference; lastKnownFileType = sourcecode.swift; path = Alert.swift; sourceTree = "<group>"; };
/* End PBXFileReference section */

/* Begin PBXFrameworksBuildPhase section */
		B2F7FFC625E473260038370E /* Frameworks */ = {
			isa = PBXFrameworksBuildPhase;
			buildActionMask = 2147483647;
			files = (
				3C5EE55111F90452BDCFE625 /* Pods_iPayBF.framework in Frameworks */,
			);
			runOnlyForDeploymentPostprocessing = 0;
		};
/* End PBXFrameworksBuildPhase section */

/* Begin PBXGroup section */
		93F825329C954F062930968B /* Pods */ = {
			isa = PBXGroup;
			children = (
				B6365269A393193FBC2290EB /* Pods-iPayBF.debug.xcconfig */,
				CA410D166813BD283DC9F056 /* Pods-iPayBF.release.xcconfig */,
			);
			path = Pods;
			sourceTree = "<group>";
		};
		B2130B5625F2F185009BF749 /* Network */ = {
			isa = PBXGroup;
			children = (
				B2130BEB25F9A118009BF749 /* AccountNetwork.swift */,
			);
			path = Network;
			sourceTree = "<group>";
		};
		B2130B5925F2F4BE009BF749 /* Home */ = {
			isa = PBXGroup;
			children = (
				B2F7FFD025E473260038370E /* HomeVC.swift */,
				B2A3E04B25EDA94300D7FB4E /* CustomCells */,
			);
			path = Home;
			sourceTree = "<group>";
		};
		B2130B5A25F2F4D9009BF749 /* Account */ = {
			isa = PBXGroup;
			children = (
				B2130B5B25F2F507009BF749 /* AccountVC.swift */,
				B2130B5F25F2F512009BF749 /* CustomCells */,
			);
			path = Account;
			sourceTree = "<group>";
		};
		B2130B5F25F2F512009BF749 /* CustomCells */ = {
			isa = PBXGroup;
			children = (
				B2130B6125F2F727009BF749 /* PaymentCell.swift */,
				B2130B6225F2F727009BF749 /* PaymentCell.xib */,
				B2130B6625F302FF009BF749 /* ProductCell.swift */,
				B2130B6725F302FF009BF749 /* ProductCell.xib */,
			);
			path = CustomCells;
			sourceTree = "<group>";
		};
		B2130BC725F6E119009BF749 /* Home */ = {
			isa = PBXGroup;
			children = (
				B2F7006025E721B60038370E /* HomeController.swift */,
			);
			path = Home;
			sourceTree = "<group>";
		};
		B2130BC825F6E122009BF749 /* Account */ = {
			isa = PBXGroup;
			children = (
				B2130BC925F6E148009BF749 /* AccountController.swift */,
			);
			path = Account;
			sourceTree = "<group>";
		};
		B2A3E04B25EDA94300D7FB4E /* CustomCells */ = {
			isa = PBXGroup;
			children = (
				B2A3E04725EDA93400D7FB4E /* EmptyCell.xib */,
				B2A3E04625EDA93400D7FB4E /* EmptyCell.swift */,
			);
			path = CustomCells;
			sourceTree = "<group>";
		};
		B2F7005925E721400038370E /* Model */ = {
			isa = PBXGroup;
			children = (
				B2130BC325F6DB75009BF749 /* Account.json */,
				B2F7005A25E721550038370E /* User.swift */,
				B2130B6B25F30F47009BF749 /* Account.swift */,
				B2130B6E25F310C5009BF749 /* ProductList.swift */,
			);
			path = Model;
			sourceTree = "<group>";
		};
		B2F7005E25E721930038370E /* Controller */ = {
			isa = PBXGroup;
			children = (
				B2130BC825F6E122009BF749 /* Account */,
				B2130BC725F6E119009BF749 /* Home */,
			);
			path = Controller;
			sourceTree = "<group>";
		};
		B2F7005F25E721990038370E /* View */ = {
			isa = PBXGroup;
			children = (
				B2130B5A25F2F4D9009BF749 /* Account */,
				B2130B5925F2F4BE009BF749 /* Home */,
			);
			path = View;
			sourceTree = "<group>";
		};
		B2F7FFC025E473250038370E = {
			isa = PBXGroup;
			children = (
				B2F7FFCB25E473260038370E /* iPayBF */,
				B2F7FFCA25E473260038370E /* Products */,
				93F825329C954F062930968B /* Pods */,
				D89831FFF20EE249B72F903C /* Frameworks */,
			);
			sourceTree = "<group>";
		};
		B2F7FFCA25E473260038370E /* Products */ = {
			isa = PBXGroup;
			children = (
				B2F7FFC925E473260038370E /* iPayBF.app */,
			);
			name = Products;
			sourceTree = "<group>";
		};
		B2F7FFCB25E473260038370E /* iPayBF */ = {
			isa = PBXGroup;
			children = (
				D3E5032F25E9B0EE00F933FC /* AppDelegate.swift */,
				D3E5033025E9B0EE00F933FC /* SceneDelegate.swift */,
				B2130B5625F2F185009BF749 /* Network */,
				B2F7005E25E721930038370E /* Controller */,
				D3E5033525E9CA6400F933FC /* AlertController */,
				B2F7005F25E721990038370E /* View */,
				B2F7005925E721400038370E /* Model */,
				B2F7005625E70D4F0038370E /* UserCell.swift */,
				B2F7FFD225E473260038370E /* Main.storyboard */,
				B2F7FFD525E473280038370E /* Assets.xcassets */,
				B2F7FFD725E473280038370E /* LaunchScreen.storyboard */,
				B2F7FFDA25E473280038370E /* Info.plist */,
			);
			path = iPayBF;
			sourceTree = "<group>";
		};
		D3E5033525E9CA6400F933FC /* AlertController */ = {
			isa = PBXGroup;
			children = (
				D3E5033625E9CA8900F933FC /* Alert.swift */,
			);
			path = AlertController;
			sourceTree = "<group>";
		};
		D89831FFF20EE249B72F903C /* Frameworks */ = {
			isa = PBXGroup;
			children = (
				46535D64901971553F83E15E /* Pods_iPayBF.framework */,
			);
			name = Frameworks;
			sourceTree = "<group>";
		};
/* End PBXGroup section */

/* Begin PBXNativeTarget section */
		B2F7FFC825E473260038370E /* iPayBF */ = {
			isa = PBXNativeTarget;
			buildConfigurationList = B2F7FFDD25E473280038370E /* Build configuration list for PBXNativeTarget "iPayBF" */;
			buildPhases = (
				55783AF8C3956AC48C1B17B9 /* [CP] Check Pods Manifest.lock */,
				B2F7FFC525E473260038370E /* Sources */,
				B2F7FFC625E473260038370E /* Frameworks */,
				B2F7FFC725E473260038370E /* Resources */,
				B66DC45EA04CD669C0A2079B /* [CP] Embed Pods Frameworks */,
			);
			buildRules = (
			);
			dependencies = (
			);
			name = iPayBF;
			productName = iPayBF;
			productReference = B2F7FFC925E473260038370E /* iPayBF.app */;
			productType = "com.apple.product-type.application";
		};
/* End PBXNativeTarget section */

/* Begin PBXProject section */
		B2F7FFC125E473250038370E /* Project object */ = {
			isa = PBXProject;
			attributes = {
				LastSwiftUpdateCheck = 1230;
				LastUpgradeCheck = 1230;
				TargetAttributes = {
					B2F7FFC825E473260038370E = {
						CreatedOnToolsVersion = 12.3;
					};
				};
			};
			buildConfigurationList = B2F7FFC425E473250038370E /* Build configuration list for PBXProject "iPayBF" */;
			compatibilityVersion = "Xcode 9.3";
			developmentRegion = en;
			hasScannedForEncodings = 0;
			knownRegions = (
				en,
				Base,
			);
			mainGroup = B2F7FFC025E473250038370E;
			productRefGroup = B2F7FFCA25E473260038370E /* Products */;
			projectDirPath = "";
			projectRoot = "";
			targets = (
				B2F7FFC825E473260038370E /* iPayBF */,
			);
		};
/* End PBXProject section */

/* Begin PBXResourcesBuildPhase section */
		B2F7FFC725E473260038370E /* Resources */ = {
			isa = PBXResourcesBuildPhase;
			buildActionMask = 2147483647;
			files = (
				B2F7FFD925E473280038370E /* LaunchScreen.storyboard in Resources */,
				B2A3E04925EDA93400D7FB4E /* EmptyCell.xib in Resources */,
				B2F7FFD625E473280038370E /* Assets.xcassets in Resources */,
				B2130B6925F302FF009BF749 /* ProductCell.xib in Resources */,
				B2130BC425F6DB75009BF749 /* Account.json in Resources */,
				B2130B6425F2F727009BF749 /* PaymentCell.xib in Resources */,
				B2F7FFD425E473260038370E /* Main.storyboard in Resources */,
			);
			runOnlyForDeploymentPostprocessing = 0;
		};
/* End PBXResourcesBuildPhase section */

/* Begin PBXShellScriptBuildPhase section */
		55783AF8C3956AC48C1B17B9 /* [CP] Check Pods Manifest.lock */ = {
			isa = PBXShellScriptBuildPhase;
			buildActionMask = 2147483647;
			files = (
			);
			inputFileListPaths = (
			);
			inputPaths = (
				"${PODS_PODFILE_DIR_PATH}/Podfile.lock",
				"${PODS_ROOT}/Manifest.lock",
			);
			name = "[CP] Check Pods Manifest.lock";
			outputFileListPaths = (
			);
			outputPaths = (
				"$(DERIVED_FILE_DIR)/Pods-iPayBF-checkManifestLockResult.txt",
			);
			runOnlyForDeploymentPostprocessing = 0;
			shellPath = /bin/sh;
			shellScript = "diff \"${PODS_PODFILE_DIR_PATH}/Podfile.lock\" \"${PODS_ROOT}/Manifest.lock\" > /dev/null\nif [ $? != 0 ] ; then\n    # print error to STDERR\n    echo \"error: The sandbox is not in sync with the Podfile.lock. Run 'pod install' or update your CocoaPods installation.\" >&2\n    exit 1\nfi\n# This output is used by Xcode 'outputs' to avoid re-running this script phase.\necho \"SUCCESS\" > \"${SCRIPT_OUTPUT_FILE_0}\"\n";
			showEnvVarsInLog = 0;
		};
		B66DC45EA04CD669C0A2079B /* [CP] Embed Pods Frameworks */ = {
			isa = PBXShellScriptBuildPhase;
			buildActionMask = 2147483647;
			files = (
			);
			inputFileListPaths = (
				"${PODS_ROOT}/Target Support Files/Pods-iPayBF/Pods-iPayBF-frameworks-${CONFIGURATION}-input-files.xcfilelist",
			);
			name = "[CP] Embed Pods Frameworks";
			outputFileListPaths = (
				"${PODS_ROOT}/Target Support Files/Pods-iPayBF/Pods-iPayBF-frameworks-${CONFIGURATION}-output-files.xcfilelist",
			);
			runOnlyForDeploymentPostprocessing = 0;
			shellPath = /bin/sh;
			shellScript = "\"${PODS_ROOT}/Target Support Files/Pods-iPayBF/Pods-iPayBF-frameworks.sh\"\n";
			showEnvVarsInLog = 0;
		};
/* End PBXShellScriptBuildPhase section */

/* Begin PBXSourcesBuildPhase section */
		B2F7FFC525E473260038370E /* Sources */ = {
			isa = PBXSourcesBuildPhase;
			buildActionMask = 2147483647;
			files = (
				B2130B6325F2F727009BF749 /* PaymentCell.swift in Sources */,
				B2130BEC25F9A118009BF749 /* AccountNetwork.swift in Sources */,
				B2130B6825F302FF009BF749 /* ProductCell.swift in Sources */,
				B2F7005725E70D4F0038370E /* UserCell.swift in Sources */,
				B2A3E04825EDA93400D7FB4E /* EmptyCell.swift in Sources */,
				B2F7FFD125E473260038370E /* HomeVC.swift in Sources */,
				B2130B6F25F310C5009BF749 /* ProductList.swift in Sources */,
				B2130B6C25F30F47009BF749 /* Account.swift in Sources */,
				B2130BCA25F6E148009BF749 /* AccountController.swift in Sources */,
				B2F7006125E721B60038370E /* HomeController.swift in Sources */,
				D3E5033125E9B0EE00F933FC /* AppDelegate.swift in Sources */,
				B2F7005B25E721550038370E /* User.swift in Sources */,
				D3E5033225E9B0EE00F933FC /* SceneDelegate.swift in Sources */,
				D3E5033725E9CA8900F933FC /* Alert.swift in Sources */,
				B2130B5C25F2F507009BF749 /* AccountVC.swift in Sources */,
			);
			runOnlyForDeploymentPostprocessing = 0;
		};
/* End PBXSourcesBuildPhase section */

/* Begin PBXVariantGroup section */
		B2F7FFD225E473260038370E /* Main.storyboard */ = {
			isa = PBXVariantGroup;
			children = (
				B2F7FFD325E473260038370E /* Base */,
			);
			name = Main.storyboard;
			sourceTree = "<group>";
		};
		B2F7FFD725E473280038370E /* LaunchScreen.storyboard */ = {
			isa = PBXVariantGroup;
			children = (
				B2F7FFD825E473280038370E /* Base */,
			);
			name = LaunchScreen.storyboard;
			sourceTree = "<group>";
		};
/* End PBXVariantGroup section */

/* Begin XCBuildConfiguration section */
		B2F7FFDB25E473280038370E /* Debug */ = {
			isa = XCBuildConfiguration;
			buildSettings = {
				ALWAYS_SEARCH_USER_PATHS = NO;
				CLANG_ANALYZER_NONNULL = YES;
				CLANG_ANALYZER_NUMBER_OBJECT_CONVERSION = YES_AGGRESSIVE;
				CLANG_CXX_LANGUAGE_STANDARD = "gnu++14";
				CLANG_CXX_LIBRARY = "libc++";
				CLANG_ENABLE_MODULES = YES;
				CLANG_ENABLE_OBJC_ARC = YES;
				CLANG_ENABLE_OBJC_WEAK = YES;
				CLANG_WARN_BLOCK_CAPTURE_AUTORELEASING = YES;
				CLANG_WARN_BOOL_CONVERSION = YES;
				CLANG_WARN_COMMA = YES;
				CLANG_WARN_CONSTANT_CONVERSION = YES;
				CLANG_WARN_DEPRECATED_OBJC_IMPLEMENTATIONS = YES;
				CLANG_WARN_DIRECT_OBJC_ISA_USAGE = YES_ERROR;
				CLANG_WARN_DOCUMENTATION_COMMENTS = YES;
				CLANG_WARN_EMPTY_BODY = YES;
				CLANG_WARN_ENUM_CONVERSION = YES;
				CLANG_WARN_INFINITE_RECURSION = YES;
				CLANG_WARN_INT_CONVERSION = YES;
				CLANG_WARN_NON_LITERAL_NULL_CONVERSION = YES;
				CLANG_WARN_OBJC_IMPLICIT_RETAIN_SELF = YES;
				CLANG_WARN_OBJC_LITERAL_CONVERSION = YES;
				CLANG_WARN_OBJC_ROOT_CLASS = YES_ERROR;
				CLANG_WARN_QUOTED_INCLUDE_IN_FRAMEWORK_HEADER = YES;
				CLANG_WARN_RANGE_LOOP_ANALYSIS = YES;
				CLANG_WARN_STRICT_PROTOTYPES = YES;
				CLANG_WARN_SUSPICIOUS_MOVE = YES;
				CLANG_WARN_UNGUARDED_AVAILABILITY = YES_AGGRESSIVE;
				CLANG_WARN_UNREACHABLE_CODE = YES;
				CLANG_WARN__DUPLICATE_METHOD_MATCH = YES;
				COPY_PHASE_STRIP = NO;
				DEBUG_INFORMATION_FORMAT = dwarf;
				ENABLE_STRICT_OBJC_MSGSEND = YES;
				ENABLE_TESTABILITY = YES;
				GCC_C_LANGUAGE_STANDARD = gnu11;
				GCC_DYNAMIC_NO_PIC = NO;
				GCC_NO_COMMON_BLOCKS = YES;
				GCC_OPTIMIZATION_LEVEL = 0;
				GCC_PREPROCESSOR_DEFINITIONS = (
					"DEBUG=1",
					"$(inherited)",
				);
				GCC_WARN_64_TO_32_BIT_CONVERSION = YES;
				GCC_WARN_ABOUT_RETURN_TYPE = YES_ERROR;
				GCC_WARN_UNDECLARED_SELECTOR = YES;
				GCC_WARN_UNINITIALIZED_AUTOS = YES_AGGRESSIVE;
				GCC_WARN_UNUSED_FUNCTION = YES;
				GCC_WARN_UNUSED_VARIABLE = YES;
				IPHONEOS_DEPLOYMENT_TARGET = 14.3;
				MTL_ENABLE_DEBUG_INFO = INCLUDE_SOURCE;
				MTL_FAST_MATH = YES;
				ONLY_ACTIVE_ARCH = YES;
				SDKROOT = iphoneos;
				SWIFT_ACTIVE_COMPILATION_CONDITIONS = DEBUG;
				SWIFT_OPTIMIZATION_LEVEL = "-Onone";
			};
			name = Debug;
		};
		B2F7FFDC25E473280038370E /* Release */ = {
			isa = XCBuildConfiguration;
			buildSettings = {
				ALWAYS_SEARCH_USER_PATHS = NO;
				CLANG_ANALYZER_NONNULL = YES;
				CLANG_ANALYZER_NUMBER_OBJECT_CONVERSION = YES_AGGRESSIVE;
				CLANG_CXX_LANGUAGE_STANDARD = "gnu++14";
				CLANG_CXX_LIBRARY = "libc++";
				CLANG_ENABLE_MODULES = YES;
				CLANG_ENABLE_OBJC_ARC = YES;
				CLANG_ENABLE_OBJC_WEAK = YES;
				CLANG_WARN_BLOCK_CAPTURE_AUTORELEASING = YES;
				CLANG_WARN_BOOL_CONVERSION = YES;
				CLANG_WARN_COMMA = YES;
				CLANG_WARN_CONSTANT_CONVERSION = YES;
				CLANG_WARN_DEPRECATED_OBJC_IMPLEMENTATIONS = YES;
				CLANG_WARN_DIRECT_OBJC_ISA_USAGE = YES_ERROR;
				CLANG_WARN_DOCUMENTATION_COMMENTS = YES;
				CLANG_WARN_EMPTY_BODY = YES;
				CLANG_WARN_ENUM_CONVERSION = YES;
				CLANG_WARN_INFINITE_RECURSION = YES;
				CLANG_WARN_INT_CONVERSION = YES;
				CLANG_WARN_NON_LITERAL_NULL_CONVERSION = YES;
				CLANG_WARN_OBJC_IMPLICIT_RETAIN_SELF = YES;
				CLANG_WARN_OBJC_LITERAL_CONVERSION = YES;
				CLANG_WARN_OBJC_ROOT_CLASS = YES_ERROR;
				CLANG_WARN_QUOTED_INCLUDE_IN_FRAMEWORK_HEADER = YES;
				CLANG_WARN_RANGE_LOOP_ANALYSIS = YES;
				CLANG_WARN_STRICT_PROTOTYPES = YES;
				CLANG_WARN_SUSPICIOUS_MOVE = YES;
				CLANG_WARN_UNGUARDED_AVAILABILITY = YES_AGGRESSIVE;
				CLANG_WARN_UNREACHABLE_CODE = YES;
				CLANG_WARN__DUPLICATE_METHOD_MATCH = YES;
				COPY_PHASE_STRIP = NO;
				DEBUG_INFORMATION_FORMAT = "dwarf-with-dsym";
				ENABLE_NS_ASSERTIONS = NO;
				ENABLE_STRICT_OBJC_MSGSEND = YES;
				GCC_C_LANGUAGE_STANDARD = gnu11;
				GCC_NO_COMMON_BLOCKS = YES;
				GCC_WARN_64_TO_32_BIT_CONVERSION = YES;
				GCC_WARN_ABOUT_RETURN_TYPE = YES_ERROR;
				GCC_WARN_UNDECLARED_SELECTOR = YES;
				GCC_WARN_UNINITIALIZED_AUTOS = YES_AGGRESSIVE;
				GCC_WARN_UNUSED_FUNCTION = YES;
				GCC_WARN_UNUSED_VARIABLE = YES;
				IPHONEOS_DEPLOYMENT_TARGET = 14.3;
				MTL_ENABLE_DEBUG_INFO = NO;
				MTL_FAST_MATH = YES;
				SDKROOT = iphoneos;
				SWIFT_COMPILATION_MODE = wholemodule;
				SWIFT_OPTIMIZATION_LEVEL = "-O";
				VALIDATE_PRODUCT = YES;
			};
			name = Release;
		};
		B2F7FFDE25E473280038370E /* Debug */ = {
			isa = XCBuildConfiguration;
			baseConfigurationReference = B6365269A393193FBC2290EB /* Pods-iPayBF.debug.xcconfig */;
			buildSettings = {
				ASSETCATALOG_COMPILER_APPICON_NAME = AppIcon;
				ASSETCATALOG_COMPILER_GLOBAL_ACCENT_COLOR_NAME = AccentColor;
				CODE_SIGN_STYLE = Automatic;
				INFOPLIST_FILE = iPayBF/Info.plist;
				LD_RUNPATH_SEARCH_PATHS = (
					"$(inherited)",
					"@executable_path/Frameworks",
				);
				PRODUCT_BUNDLE_IDENTIFIER = BackFront.iPayBF;
				PRODUCT_NAME = "$(TARGET_NAME)";
				SWIFT_VERSION = 5.0;
				TARGETED_DEVICE_FAMILY = "1,2";
			};
			name = Debug;
		};
		B2F7FFDF25E473280038370E /* Release */ = {
			isa = XCBuildConfiguration;
			baseConfigurationReference = CA410D166813BD283DC9F056 /* Pods-iPayBF.release.xcconfig */;
			buildSettings = {
				ASSETCATALOG_COMPILER_APPICON_NAME = AppIcon;
				ASSETCATALOG_COMPILER_GLOBAL_ACCENT_COLOR_NAME = AccentColor;
				CODE_SIGN_STYLE = Automatic;
				INFOPLIST_FILE = iPayBF/Info.plist;
				LD_RUNPATH_SEARCH_PATHS = (
					"$(inherited)",
					"@executable_path/Frameworks",
				);
				PRODUCT_BUNDLE_IDENTIFIER = BackFront.iPayBF;
				PRODUCT_NAME = "$(TARGET_NAME)";
				SWIFT_VERSION = 5.0;
				TARGETED_DEVICE_FAMILY = "1,2";
			};
			name = Release;
		};
/* End XCBuildConfiguration section */

/* Begin XCConfigurationList section */
		B2F7FFC425E473250038370E /* Build configuration list for PBXProject "iPayBF" */ = {
			isa = XCConfigurationList;
			buildConfigurations = (
				B2F7FFDB25E473280038370E /* Debug */,
				B2F7FFDC25E473280038370E /* Release */,
			);
			defaultConfigurationIsVisible = 0;
			defaultConfigurationName = Release;
		};
		B2F7FFDD25E473280038370E /* Build configuration list for PBXNativeTarget "iPayBF" */ = {
			isa = XCConfigurationList;
			buildConfigurations = (
				B2F7FFDE25E473280038370E /* Debug */,
				B2F7FFDF25E473280038370E /* Release */,
			);
			defaultConfigurationIsVisible = 0;
			defaultConfigurationName = Release;
		};
/* End XCConfigurationList section */
	};
	rootObject = B2F7FFC125E473250038370E /* Project object */;
}
