PODS:
  - Alamofire (5.4.1)
  - DynamicBlurView (4.1.0)
  - PopupDialog (1.1.1):
    - DynamicBlurView (~> 4.0)

DEPENDENCIES:
  - Alamofire (~> 5.4)
  - PopupDialog (~> 1.1)

SPEC REPOS:
  trunk:
    - Alamofire
    - DynamicBlurView
    - PopupDialog

SPEC CHECKSUMS:
  Alamofire: 2291f7d21ca607c491dd17642e5d40fdcda0e65c
  DynamicBlurView: 58e18fae80bb614e34681a4486870e7d257b62e8
  PopupDialog: 720c92befd8bc23c13442254945213db5612f149

PODFILE CHECKSUM: f54f2358e0ad86fd71e660d502e662c33dc4acdd

COCOAPODS: 1.10.1
